
Microsoft Visual Studio Solution File, Format Version 12.00
# Visual Studio Version 16
VisualStudioVersion = 25.0.1700.4
MinimumVisualStudioVersion = 10.0.40219.1
Project("{FAE04EC0-301F-11D3-BF4B-00C04F79EFBC}") = "PetroineosDevelopment", "PetroineosDevelopment\PetroineosDevelopment.csproj", "{C402B640-D0CF-4044-8DA4-B9A892DE8B6F}"
EndProject
Global
	GlobalSection(SolutionConfigurationPlatforms) = preSolution
		Debug|Any CPU = Debug|Any CPU
		Release|Any CPU = Release|Any CPU
	EndGlobalSection
	GlobalSection(ProjectConfigurationPlatforms) = postSolution
		{C402B640-D0CF-4044-8DA4-B9A892DE8B6F}.Debug|Any CPU.ActiveCfg = Debug|Any CPU
		{C402B640-D0CF-4044-8DA4-B9A892DE8B6F}.Debug|Any CPU.Build.0 = Debug|Any CPU
		{C402B640-D0CF-4044-8DA4-B9A892DE8B6F}.Release|Any CPU.ActiveCfg = Release|Any CPU
		{C402B640-D0CF-4044-8DA4-B9A892DE8B6F}.Release|Any CPU.Build.0 = Release|Any CPU
	EndGlobalSection
	GlobalSection(SolutionProperties) = preSolution
		HideSolutionNode = FALSE
	EndGlobalSection
	GlobalSection(ExtensibilityGlobals) = postSolution
		SolutionGuid = {BF7C2314-11DA-49CF-8E3A-A576ECC540B4}
	EndGlobalSection
EndGlobal
